
Microsoft Visual Studio Solution File, Format Version 12.00
# Visual Studio Version 16
VisualStudioVersion = 16.0.31205.134
MinimumVisualStudioVersion = 10.0.40219.1
Project("{9A19103F-16F7-4668-BE54-9A1E7A4F7556}") = "StudJournal", "StudJournal.csproj", "{4C4FDEC9-FDBD-4977-BCC1-79CEC18656A0}"
EndProject
Global
	GlobalSection(SolutionConfigurationPlatforms) = preSolution
		Debug|Any CPU = Debug|Any CPU
		Debug|Default = Debug|Default
		Debug|x64 = Debug|x64
		Release|Any CPU = Release|Any CPU
		Release|Default = Release|Default
		Release|x64 = Release|x64
	EndGlobalSection
	GlobalSection(ProjectConfigurationPlatforms) = postSolution
		{4C4FDEC9-FDBD-4977-BCC1-79CEC18656A0}.Debug|Any CPU.ActiveCfg = Debug|x64
		{4C4FDEC9-FDBD-4977-BCC1-79CEC18656A0}.Debug|Any CPU.Build.0 = Debug|x64
		{4C4FDEC9-FDBD-4977-BCC1-79CEC18656A0}.Debug|Default.ActiveCfg = Debug|Any CPU
		{4C4FDEC9-FDBD-4977-BCC1-79CEC18656A0}.Debug|Default.Build.0 = Debug|Any CPU
		{4C4FDEC9-FDBD-4977-BCC1-79CEC18656A0}.Debug|x64.ActiveCfg = Debug|x64
		{4C4FDEC9-FDBD-4977-BCC1-79CEC18656A0}.Debug|x64.Build.0 = Debug|x64
		{4C4FDEC9-FDBD-4977-BCC1-79CEC18656A0}.Release|Any CPU.ActiveCfg = Release|Any CPU
		{4C4FDEC9-FDBD-4977-BCC1-79CEC18656A0}.Release|Any CPU.Build.0 = Release|Any CPU
		{4C4FDEC9-FDBD-4977-BCC1-79CEC18656A0}.Release|Default.ActiveCfg = Release|Any CPU
		{4C4FDEC9-FDBD-4977-BCC1-79CEC18656A0}.Release|Default.Build.0 = Release|Any CPU
		{4C4FDEC9-FDBD-4977-BCC1-79CEC18656A0}.Release|x64.ActiveCfg = Release|x64
		{4C4FDEC9-FDBD-4977-BCC1-79CEC18656A0}.Release|x64.Build.0 = Release|x64
	EndGlobalSection
	GlobalSection(SolutionProperties) = preSolution
		HideSolutionNode = FALSE
	EndGlobalSection
	GlobalSection(ExtensibilityGlobals) = postSolution
		SolutionGuid = {237034D1-30A2-40AE-A94F-0964B8070E7B}
	EndGlobalSection
	GlobalSection(SolutionConfigurationPlatforms) = preSolution
		Debug|Any CPU = Debug|Any CPU
		Debug|Default = Debug|Default
		Release|Any CPU = Release|Any CPU
		Release|Default = Release|Default
	EndGlobalSection
	GlobalSection(SolutionConfigurationPlatforms) = preSolution
		Debug|Any CPU = Debug|Any CPU
		Debug|Default = Debug|Default
		Debug|x64 = Debug|x64
		Release|Any CPU = Release|Any CPU
		Release|Default = Release|Default
		Release|x64 = Release|x64
	EndGlobalSection
	GlobalSection(SolutionConfigurationPlatforms) = preSolution
		Debug|Any CPU = Debug|Any CPU
		Debug|Default = Debug|Default
		Release|Any CPU = Release|Any CPU
		Release|Default = Release|Default
	EndGlobalSection
EndGlobal
